
Microsoft Visual Studio Solution File, Format Version 12.00
# Visual Studio Version 17
VisualStudioVersion = 17.4.33213.308
MinimumVisualStudioVersion = 10.0.40219.1
Project("{FAE04EC0-301F-11D3-BF4B-00C04F79EFBC}") = "TwoDimensionalArrays", "TwoDimensionalArrays\TwoDimensionalArrays.csproj", "{EAEBA0CE-7BD3-4B6D-9542-0836D981648C}"
EndProject
Global
	GlobalSection(SolutionConfigurationPlatforms) = preSolution
		Debug|Any CPU = Debug|Any CPU
		Release|Any CPU = Release|Any CPU
	EndGlobalSection
	GlobalSection(ProjectConfigurationPlatforms) = postSolution
		{EAEBA0CE-7BD3-4B6D-9542-0836D981648C}.Debug|Any CPU.ActiveCfg = Debug|Any CPU
		{EAEBA0CE-7BD3-4B6D-9542-0836D981648C}.Debug|Any CPU.Build.0 = Debug|Any CPU
		{EAEBA0CE-7BD3-4B6D-9542-0836D981648C}.Release|Any CPU.ActiveCfg = Release|Any CPU
		{EAEBA0CE-7BD3-4B6D-9542-0836D981648C}.Release|Any CPU.Build.0 = Release|Any CPU
	EndGlobalSection
	GlobalSection(SolutionProperties) = preSolution
		HideSolutionNode = FALSE
	EndGlobalSection
	GlobalSection(ExtensibilityGlobals) = postSolution
		SolutionGuid = {2B72DFF4-7207-48FB-8584-36E453B6D9A3}
	EndGlobalSection
EndGlobal
